{
    "version": 3,
    "terraform_version": "0.11.8",
    "serial": 30,
    "lineage": "aedcb98e-f483-06e8-42ee-11b331d43d62",
    "modules": [
        {
            "path": [
                "root"
            ],
            "outputs": {},
            "resources": {
                "google_compute_firewall.default": {
                    "type": "google_compute_firewall",
                    "depends_on": [],
                    "primary": {
                        "id": "default-firewall",
                        "attributes": {
                            "allow.#": "2",
                            "allow.1367131964.ports.#": "0",
                            "allow.1367131964.protocol": "icmp",
                            "allow.176677889.ports.#": "2",
                            "allow.176677889.ports.0": "9000",
                            "allow.176677889.ports.1": "8080",
                            "allow.176677889.protocol": "tcp",
                            "deny.#": "0",
                            "description": "",
                            "destination_ranges.#": "0",
                            "direction": "INGRESS",
                            "disabled": "false",
                            "id": "default-firewall",
                            "name": "default-firewall",
                            "network": "https://www.googleapis.com/compute/v1/projects/just-zoo-214108/global/networks/default",
                            "priority": "1000",
                            "project": "just-zoo-214108",
                            "self_link": "https://www.googleapis.com/compute/v1/projects/just-zoo-214108/global/firewalls/default-firewall",
                            "source_ranges.#": "1",
                            "source_ranges.1080289494": "0.0.0.0/0",
                            "source_service_accounts.#": "0",
                            "source_tags.#": "0",
                            "target_service_accounts.#": "0",
                            "target_tags.#": "1",
                            "target_tags.3814588639": "default"
                        },
                        "meta": {
                            "schema_version": "1"
                        },
                        "tainted": false
                    },
                    "deposed": [],
                    "provider": "provider.google"
                },
                "google_compute_instance.default": {
                    "type": "google_compute_instance",
                    "depends_on": [],
                    "primary": {
                        "id": "default",
                        "attributes": {
                            "attached_disk.#": "0",
                            "boot_disk.#": "1",
                            "boot_disk.0.auto_delete": "true",
                            "boot_disk.0.device_name": "persistent-disk-0",
                            "boot_disk.0.disk_encryption_key_raw": "",
                            "boot_disk.0.disk_encryption_key_sha256": "",
                            "boot_disk.0.initialize_params.#": "1",
                            "boot_disk.0.initialize_params.0.image": "https://www.googleapis.com/compute/v1/projects/centos-cloud/global/images/centos-7-v20180815",
                            "boot_disk.0.initialize_params.0.size": "10",
                            "boot_disk.0.initialize_params.0.type": "pd-standard",
                            "boot_disk.0.source": "https://www.googleapis.com/compute/v1/projects/just-zoo-214108/zones/europe-west2-c/disks/default",
                            "can_ip_forward": "false",
                            "cpu_platform": "Intel Broadwell",
                            "create_timeout": "4",
                            "deletion_protection": "false",
                            "guest_accelerator.#": "0",
                            "id": "default",
                            "instance_id": "7538544338399332727",
                            "label_fingerprint": "42WmSpB8rSM=",
                            "labels.%": "0",
                            "machine_type": "f1-micro",
                            "metadata.%": "1",
                            "metadata.sshKeys": "terraform:ssh-rsa AAAAB3NzaC1yc2EAAAADAQABAAABAQDSFGxusHASFwMw717ItGMfnBvwFD2S7j8zvutkAlp8b1yzkEy/FnlxBi8LLO0saNr58WBEPuEq1D9sA9R6WHwmr/hC4d6LXo+XCYf8gnZFYxxZ1R4qWqeC3B4OxYaLWY+STBktjzMPmnzgCE8OeqzHix1N93/ce9pz53qqFkRZO4ieuD3f11fzzMi5jmMjZYj72uPoptxnKlLX9cCZ3sGWeUGvxirqlV4kFLZaJ8Q3ynS87Iy+jOovot0mzDDpMg8UOOJ/vA4xcb2jb3nCK7L9Dc8uV49BkN4lYwwsogEE4PC9bQG9GvMraiA6YxRxVsgfDHpKZNkUgmKaGXfMxOwd vagrant@localhost.localdomain\n",
                            "metadata_fingerprint": "M5zbTQpwows=",
                            "metadata_startup_script": "",
                            "min_cpu_platform": "",
                            "name": "default",
                            "network_interface.#": "1",
                            "network_interface.0.access_config.#": "1",
                            "network_interface.0.access_config.0.assigned_nat_ip": "35.230.136.225",
                            "network_interface.0.access_config.0.nat_ip": "35.230.136.225",
                            "network_interface.0.access_config.0.network_tier": "PREMIUM",
                            "network_interface.0.access_config.0.public_ptr_domain_name": "",
                            "network_interface.0.address": "10.154.0.2",
                            "network_interface.0.alias_ip_range.#": "0",
                            "network_interface.0.name": "nic0",
                            "network_interface.0.network": "https://www.googleapis.com/compute/v1/projects/just-zoo-214108/global/networks/default",
                            "network_interface.0.network_ip": "10.154.0.2",
                            "network_interface.0.subnetwork": "https://www.googleapis.com/compute/v1/projects/just-zoo-214108/regions/europe-west2/subnetworks/default",
                            "network_interface.0.subnetwork_project": "just-zoo-214108",
                            "project": "just-zoo-214108",
                            "scheduling.#": "1",
                            "scheduling.0.automatic_restart": "false",
                            "scheduling.0.on_host_maintenance": "MIGRATE",
                            "scheduling.0.preemptible": "false",
                            "scratch_disk.#": "0",
                            "self_link": "https://www.googleapis.com/compute/v1/projects/just-zoo-214108/zones/europe-west2-c/instances/default",
                            "service_account.#": "0",
                            "tags.#": "1",
                            "tags.3814588639": "default",
                            "tags_fingerprint": "ZKYLnLa-Ht8=",
                            "zone": "europe-west2-c"
                        },
                        "meta": {
                            "e2bfb730-ecaa-11e6-8f88-34363bc7c4c0": {
                                "create": 360000000000,
                                "delete": 360000000000,
                                "update": 360000000000
                            },
                            "schema_version": "6"
                        },
                        "tainted": false
                    },
                    "deposed": [],
                    "provider": "provider.google"
                }
            },
            "depends_on": []
        }
    ]
}
